
Microsoft Visual Studio Solution File, Format Version 12.00
# TcXaeShell Solution File, Format Version 11.00
VisualStudioVersion = 15.0.33403.129
MinimumVisualStudioVersion = 10.0.40219.1
Project("{FE7A1B72-C5B7-4D7C-BB7D-76384D4DE8E1}") = "HMI TRATADORA B300", "HMI TRATADORA B300\HMI TRATADORA B300.hmiproj", "{FCB43484-F745-4EC3-A6E7-00389BB2A523}"
EndProject
Global
	GlobalSection(SolutionConfigurationPlatforms) = preSolution
		Debug|TwinCAT CE7 (ARMV7) = Debug|TwinCAT CE7 (ARMV7)
		Debug|TwinCAT HMI = Debug|TwinCAT HMI
		Debug|TwinCAT OS (ARMT2) = Debug|TwinCAT OS (ARMT2)
		Debug|TwinCAT RT (x64) = Debug|TwinCAT RT (x64)
		Debug|TwinCAT RT (x86) = Debug|TwinCAT RT (x86)
		Release|TwinCAT CE7 (ARMV7) = Release|TwinCAT CE7 (ARMV7)
		Release|TwinCAT HMI = Release|TwinCAT HMI
		Release|TwinCAT OS (ARMT2) = Release|TwinCAT OS (ARMT2)
		Release|TwinCAT RT (x64) = Release|TwinCAT RT (x64)
		Release|TwinCAT RT (x86) = Release|TwinCAT RT (x86)
	EndGlobalSection
	GlobalSection(ProjectConfigurationPlatforms) = postSolution
		{FCB43484-F745-4EC3-A6E7-00389BB2A523}.Debug|TwinCAT CE7 (ARMV7).ActiveCfg = Debug|TwinCAT HMI
		{FCB43484-F745-4EC3-A6E7-00389BB2A523}.Debug|TwinCAT HMI.ActiveCfg = Debug|TwinCAT HMI
		{FCB43484-F745-4EC3-A6E7-00389BB2A523}.Debug|TwinCAT HMI.Build.0 = Debug|TwinCAT HMI
		{FCB43484-F745-4EC3-A6E7-00389BB2A523}.Debug|TwinCAT OS (ARMT2).ActiveCfg = Debug|TwinCAT HMI
		{FCB43484-F745-4EC3-A6E7-00389BB2A523}.Debug|TwinCAT RT (x64).ActiveCfg = Debug|TwinCAT HMI
		{FCB43484-F745-4EC3-A6E7-00389BB2A523}.Debug|TwinCAT RT (x86).ActiveCfg = Debug|TwinCAT HMI
		{FCB43484-F745-4EC3-A6E7-00389BB2A523}.Release|TwinCAT CE7 (ARMV7).ActiveCfg = Release|TwinCAT HMI
		{FCB43484-F745-4EC3-A6E7-00389BB2A523}.Release|TwinCAT HMI.ActiveCfg = Release|TwinCAT HMI
		{FCB43484-F745-4EC3-A6E7-00389BB2A523}.Release|TwinCAT HMI.Build.0 = Release|TwinCAT HMI
		{FCB43484-F745-4EC3-A6E7-00389BB2A523}.Release|TwinCAT OS (ARMT2).ActiveCfg = Release|TwinCAT HMI
		{FCB43484-F745-4EC3-A6E7-00389BB2A523}.Release|TwinCAT RT (x64).ActiveCfg = Release|TwinCAT HMI
		{FCB43484-F745-4EC3-A6E7-00389BB2A523}.Release|TwinCAT RT (x86).ActiveCfg = Release|TwinCAT HMI
	EndGlobalSection
	GlobalSection(SolutionProperties) = preSolution
		HideSolutionNode = FALSE
	EndGlobalSection
	GlobalSection(ExtensibilityGlobals) = postSolution
		SolutionGuid = {A88D089B-E635-4213-BE9E-0E76B0963EA5}
	EndGlobalSection
EndGlobal
